
Microsoft Visual Studio Solution File, Format Version 12.00
# Visual Studio Version 17
VisualStudioVersion = 17.2.32630.192
MinimumVisualStudioVersion = 10.0.40219.1
Project("{FAE04EC0-301F-11D3-BF4B-00C04F79EFBC}") = "Thread01", "Thread01\Thread01.csproj", "{49C70826-6F7E-466E-8BBC-ADE8540B31ED}"
EndProject
Global
	GlobalSection(SolutionConfigurationPlatforms) = preSolution
		Debug|Any CPU = Debug|Any CPU
		Release|Any CPU = Release|Any CPU
	EndGlobalSection
	GlobalSection(ProjectConfigurationPlatforms) = postSolution
		{49C70826-6F7E-466E-8BBC-ADE8540B31ED}.Debug|Any CPU.ActiveCfg = Debug|Any CPU
		{49C70826-6F7E-466E-8BBC-ADE8540B31ED}.Debug|Any CPU.Build.0 = Debug|Any CPU
		{49C70826-6F7E-466E-8BBC-ADE8540B31ED}.Release|Any CPU.ActiveCfg = Release|Any CPU
		{49C70826-6F7E-466E-8BBC-ADE8540B31ED}.Release|Any CPU.Build.0 = Release|Any CPU
	EndGlobalSection
	GlobalSection(SolutionProperties) = preSolution
		HideSolutionNode = FALSE
	EndGlobalSection
	GlobalSection(ExtensibilityGlobals) = postSolution
		SolutionGuid = {588581AA-29B1-430C-9638-FA04A3A18D75}
	EndGlobalSection
EndGlobal
